
Microsoft Visual Studio Solution File, Format Version 12.00
# Visual Studio Version 17
VisualStudioVersion = 17.2.32630.192
MinimumVisualStudioVersion = 10.0.40219.1
Project("{FAE04EC0-301F-11D3-BF4B-00C04F79EFBC}") = "Car", "Car\Car.csproj", "{B09D10A1-C81A-4A92-BF01-29E5C5AACD90}"
EndProject
Global
	GlobalSection(SolutionConfigurationPlatforms) = preSolution
		Debug|Any CPU = Debug|Any CPU
		Release|Any CPU = Release|Any CPU
	EndGlobalSection
	GlobalSection(ProjectConfigurationPlatforms) = postSolution
		{B09D10A1-C81A-4A92-BF01-29E5C5AACD90}.Debug|Any CPU.ActiveCfg = Debug|Any CPU
		{B09D10A1-C81A-4A92-BF01-29E5C5AACD90}.Debug|Any CPU.Build.0 = Debug|Any CPU
		{B09D10A1-C81A-4A92-BF01-29E5C5AACD90}.Release|Any CPU.ActiveCfg = Release|Any CPU
		{B09D10A1-C81A-4A92-BF01-29E5C5AACD90}.Release|Any CPU.Build.0 = Release|Any CPU
	EndGlobalSection
	GlobalSection(SolutionProperties) = preSolution
		HideSolutionNode = FALSE
	EndGlobalSection
	GlobalSection(ExtensibilityGlobals) = postSolution
		SolutionGuid = {91313C2F-9925-41D5-96C7-0E718B855B9F}
	EndGlobalSection
EndGlobal
